// !$*UTF8*$!
{
	archiveVersion = 1;
	classes = {
	};
	objectVersion = 51;
	objects = {

/* Begin PBXBuildFile section */
		5064294126C133CD00F4EADD /* AppDelegate.swift in Sources */ = {isa = PBXBuildFile; fileRef = 5064294026C133CD00F4EADD /* AppDelegate.swift */; };
		5064294326C133CD00F4EADD /* SceneDelegate.swift in Sources */ = {isa = PBXBuildFile; fileRef = 5064294226C133CD00F4EADD /* SceneDelegate.swift */; };
		5064294526C133CD00F4EADD /* MainVC.swift in Sources */ = {isa = PBXBuildFile; fileRef = 5064294426C133CD00F4EADD /* MainVC.swift */; };
		5064294826C133CD00F4EADD /* Main.storyboard in Resources */ = {isa = PBXBuildFile; fileRef = 5064294626C133CD00F4EADD /* Main.storyboard */; };
		5064294A26C133CE00F4EADD /* Assets.xcassets in Resources */ = {isa = PBXBuildFile; fileRef = 5064294926C133CE00F4EADD /* Assets.xcassets */; };
		5064294D26C133CE00F4EADD /* LaunchScreen.storyboard in Resources */ = {isa = PBXBuildFile; fileRef = 5064294B26C133CE00F4EADD /* LaunchScreen.storyboard */; };
		5064295C26C186FA00F4EADD /* MainVM.swift in Sources */ = {isa = PBXBuildFile; fileRef = 5064295B26C186FA00F4EADD /* MainVM.swift */; };
		5064295E26C187C500F4EADD /* Hotel.swift in Sources */ = {isa = PBXBuildFile; fileRef = 5064295D26C187C500F4EADD /* Hotel.swift */; };
		5064296026C18D3300F4EADD /* ImageSet.swift in Sources */ = {isa = PBXBuildFile; fileRef = 5064295F26C18D3300F4EADD /* ImageSet.swift */; };
		5064296426C1BC3700F4EADD /* MainTVC.swift in Sources */ = {isa = PBXBuildFile; fileRef = 5064296326C1BC3700F4EADD /* MainTVC.swift */; };
		5074E34427419BC600F6CF19 /* BaseResponse.swift in Sources */ = {isa = PBXBuildFile; fileRef = 5074E34327419BC600F6CF19 /* BaseResponse.swift */; };
		50F2976C26C905EE00A923EB /* Extentions.swift in Sources */ = {isa = PBXBuildFile; fileRef = 50F2976B26C905EE00A923EB /* Extentions.swift */; };
		50F2976F26C979CC00A923EB /* DetailsVC.swift in Sources */ = {isa = PBXBuildFile; fileRef = 50F2976E26C979CC00A923EB /* DetailsVC.swift */; };
		6CA85F67D9168E7946B0E71F /* Pods_Hotel_List.framework in Frameworks */ = {isa = PBXBuildFile; fileRef = C540211BD00084348B87A9C6 /* Pods_Hotel_List.framework */; };
/* End PBXBuildFile section */

/* Begin PBXFileReference section */
		5064293D26C133CD00F4EADD /* Hotel List.app */ = {isa = PBXFileReference; explicitFileType = wrapper.application; includeInIndex = 0; path = "Hotel List.app"; sourceTree = BUILT_PRODUCTS_DIR; };
		5064294026C133CD00F4EADD /* AppDelegate.swift */ = {isa = PBXFileReference; lastKnownFileType = sourcecode.swift; path = AppDelegate.swift; sourceTree = "<group>"; };
		5064294226C133CD00F4EADD /* SceneDelegate.swift */ = {isa = PBXFileReference; lastKnownFileType = sourcecode.swift; path = SceneDelegate.swift; sourceTree = "<group>"; };
		5064294426C133CD00F4EADD /* MainVC.swift */ = {isa = PBXFileReference; lastKnownFileType = sourcecode.swift; path = MainVC.swift; sourceTree = "<group>"; };
		5064294726C133CD00F4EADD /* Base */ = {isa = PBXFileReference; lastKnownFileType = file.storyboard; name = Base; path = Base.lproj/Main.storyboard; sourceTree = "<group>"; };
		5064294926C133CE00F4EADD /* Assets.xcassets */ = {isa = PBXFileReference; lastKnownFileType = folder.assetcatalog; path = Assets.xcassets; sourceTree = "<group>"; };
		5064294C26C133CE00F4EADD /* Base */ = {isa = PBXFileReference; lastKnownFileType = file.storyboard; name = Base; path = Base.lproj/LaunchScreen.storyboard; sourceTree = "<group>"; };
		5064294E26C133CE00F4EADD /* Info.plist */ = {isa = PBXFileReference; lastKnownFileType = text.plist.xml; path = Info.plist; sourceTree = "<group>"; };
		5064295B26C186FA00F4EADD /* MainVM.swift */ = {isa = PBXFileReference; lastKnownFileType = sourcecode.swift; path = MainVM.swift; sourceTree = "<group>"; };
		5064295D26C187C500F4EADD /* Hotel.swift */ = {isa = PBXFileReference; lastKnownFileType = sourcecode.swift; path = Hotel.swift; sourceTree = "<group>"; };
		5064295F26C18D3300F4EADD /* ImageSet.swift */ = {isa = PBXFileReference; lastKnownFileType = sourcecode.swift; path = ImageSet.swift; sourceTree = "<group>"; };
		5064296326C1BC3700F4EADD /* MainTVC.swift */ = {isa = PBXFileReference; lastKnownFileType = sourcecode.swift; path = MainTVC.swift; sourceTree = "<group>"; };
		5074E34327419BC600F6CF19 /* BaseResponse.swift */ = {isa = PBXFileReference; lastKnownFileType = sourcecode.swift; path = BaseResponse.swift; sourceTree = "<group>"; };
		50F2976B26C905EE00A923EB /* Extentions.swift */ = {isa = PBXFileReference; lastKnownFileType = sourcecode.swift; path = Extentions.swift; sourceTree = "<group>"; };
		50F2976E26C979CC00A923EB /* DetailsVC.swift */ = {isa = PBXFileReference; lastKnownFileType = sourcecode.swift; path = DetailsVC.swift; sourceTree = "<group>"; };
		7DB291934A5D623271ECA4A9 /* Pods-Hotel List.release.xcconfig */ = {isa = PBXFileReference; includeInIndex = 1; lastKnownFileType = text.xcconfig; name = "Pods-Hotel List.release.xcconfig"; path = "Target Support Files/Pods-Hotel List/Pods-Hotel List.release.xcconfig"; sourceTree = "<group>"; };
		A30FBEF9076426A20C14757F /* Pods-Hotel List.debug.xcconfig */ = {isa = PBXFileReference; includeInIndex = 1; lastKnownFileType = text.xcconfig; name = "Pods-Hotel List.debug.xcconfig"; path = "Target Support Files/Pods-Hotel List/Pods-Hotel List.debug.xcconfig"; sourceTree = "<group>"; };
		C540211BD00084348B87A9C6 /* Pods_Hotel_List.framework */ = {isa = PBXFileReference; explicitFileType = wrapper.framework; includeInIndex = 0; path = Pods_Hotel_List.framework; sourceTree = BUILT_PRODUCTS_DIR; };
/* End PBXFileReference section */

/* Begin PBXFrameworksBuildPhase section */
		5064293A26C133CD00F4EADD /* Frameworks */ = {
			isa = PBXFrameworksBuildPhase;
			buildActionMask = 2147483647;
			files = (
				6CA85F67D9168E7946B0E71F /* Pods_Hotel_List.framework in Frameworks */,
			);
			runOnlyForDeploymentPostprocessing = 0;
		};
/* End PBXFrameworksBuildPhase section */

/* Begin PBXGroup section */
		113DFE89285E396A68230A8B /* Pods */ = {
			isa = PBXGroup;
			children = (
				A30FBEF9076426A20C14757F /* Pods-Hotel List.debug.xcconfig */,
				7DB291934A5D623271ECA4A9 /* Pods-Hotel List.release.xcconfig */,
			);
			path = Pods;
			sourceTree = "<group>";
		};
		1A82F9C213C018736D1F1ED1 /* Frameworks */ = {
			isa = PBXGroup;
			children = (
				C540211BD00084348B87A9C6 /* Pods_Hotel_List.framework */,
			);
			name = Frameworks;
			sourceTree = "<group>";
		};
		50058A0127426748006AF71E /* Cell */ = {
			isa = PBXGroup;
			children = (
				5064296326C1BC3700F4EADD /* MainTVC.swift */,
			);
			path = Cell;
			sourceTree = "<group>";
		};
		5064293426C133CD00F4EADD = {
			isa = PBXGroup;
			children = (
				5064293F26C133CD00F4EADD /* Hotel List */,
				5064293E26C133CD00F4EADD /* Products */,
				113DFE89285E396A68230A8B /* Pods */,
				1A82F9C213C018736D1F1ED1 /* Frameworks */,
			);
			sourceTree = "<group>";
		};
		5064293E26C133CD00F4EADD /* Products */ = {
			isa = PBXGroup;
			children = (
				5064293D26C133CD00F4EADD /* Hotel List.app */,
			);
			name = Products;
			sourceTree = "<group>";
		};
		5064293F26C133CD00F4EADD /* Hotel List */ = {
			isa = PBXGroup;
			children = (
				50F2976A26C905AC00A923EB /* Utilities */,
				5064295726C13DF800F4EADD /* Views+ViewModels */,
				5064295626C13D5400F4EADD /* SuportFiles */,
				5064295526C13D2700F4EADD /* Storyboards */,
				5064295426C1397E00F4EADD /* Models */,
			);
			path = "Hotel List";
			sourceTree = "<group>";
		};
		5064295426C1397E00F4EADD /* Models */ = {
			isa = PBXGroup;
			children = (
				5064295D26C187C500F4EADD /* Hotel.swift */,
				5064295F26C18D3300F4EADD /* ImageSet.swift */,
				5074E34327419BC600F6CF19 /* BaseResponse.swift */,
			);
			path = Models;
			sourceTree = "<group>";
		};
		5064295526C13D2700F4EADD /* Storyboards */ = {
			isa = PBXGroup;
			children = (
				5064294626C133CD00F4EADD /* Main.storyboard */,
				5064294B26C133CE00F4EADD /* LaunchScreen.storyboard */,
			);
			path = Storyboards;
			sourceTree = "<group>";
		};
		5064295626C13D5400F4EADD /* SuportFiles */ = {
			isa = PBXGroup;
			children = (
				5064294026C133CD00F4EADD /* AppDelegate.swift */,
				5064294926C133CE00F4EADD /* Assets.xcassets */,
				5064294E26C133CE00F4EADD /* Info.plist */,
				5064294226C133CD00F4EADD /* SceneDelegate.swift */,
			);
			path = SuportFiles;
			sourceTree = "<group>";
		};
		5064295726C13DF800F4EADD /* Views+ViewModels */ = {
			isa = PBXGroup;
			children = (
				50F2976D26C9796100A923EB /* Details */,
				5064295826C13E2E00F4EADD /* Main */,
			);
			path = "Views+ViewModels";
			sourceTree = "<group>";
		};
		5064295826C13E2E00F4EADD /* Main */ = {
			isa = PBXGroup;
			children = (
				50058A0127426748006AF71E /* Cell */,
				5064294426C133CD00F4EADD /* MainVC.swift */,
				5064295B26C186FA00F4EADD /* MainVM.swift */,
			);
			path = Main;
			sourceTree = "<group>";
		};
		50F2976A26C905AC00A923EB /* Utilities */ = {
			isa = PBXGroup;
			children = (
				50F2976B26C905EE00A923EB /* Extentions.swift */,
			);
			path = Utilities;
			sourceTree = "<group>";
		};
		50F2976D26C9796100A923EB /* Details */ = {
			isa = PBXGroup;
			children = (
				50F2976E26C979CC00A923EB /* DetailsVC.swift */,
			);
			path = Details;
			sourceTree = "<group>";
		};
/* End PBXGroup section */

/* Begin PBXNativeTarget section */
		5064293C26C133CD00F4EADD /* Hotel List */ = {
			isa = PBXNativeTarget;
			buildConfigurationList = 5064295126C133CE00F4EADD /* Build configuration list for PBXNativeTarget "Hotel List" */;
			buildPhases = (
				4D10C36C4FF9AEC27244AC8D /* [CP] Check Pods Manifest.lock */,
				5064293926C133CD00F4EADD /* Sources */,
				5064293A26C133CD00F4EADD /* Frameworks */,
				5064293B26C133CD00F4EADD /* Resources */,
				A152F1760E6610585C2ADBC4 /* [CP] Embed Pods Frameworks */,
			);
			buildRules = (
			);
			dependencies = (
			);
			name = "Hotel List";
			productName = "Hotel List";
			productReference = 5064293D26C133CD00F4EADD /* Hotel List.app */;
			productType = "com.apple.product-type.application";
		};
/* End PBXNativeTarget section */

/* Begin PBXProject section */
		5064293526C133CD00F4EADD /* Project object */ = {
			isa = PBXProject;
			attributes = {
				LastSwiftUpdateCheck = 1250;
				LastUpgradeCheck = 1250;
				TargetAttributes = {
					5064293C26C133CD00F4EADD = {
						CreatedOnToolsVersion = 12.5.1;
					};
				};
			};
			buildConfigurationList = 5064293826C133CD00F4EADD /* Build configuration list for PBXProject "Hotel List" */;
			compatibilityVersion = "Xcode 9.3";
			developmentRegion = en;
			hasScannedForEncodings = 0;
			knownRegions = (
				en,
				Base,
			);
			mainGroup = 5064293426C133CD00F4EADD;
			productRefGroup = 5064293E26C133CD00F4EADD /* Products */;
			projectDirPath = "";
			projectRoot = "";
			targets = (
				5064293C26C133CD00F4EADD /* Hotel List */,
			);
		};
/* End PBXProject section */

/* Begin PBXResourcesBuildPhase section */
		5064293B26C133CD00F4EADD /* Resources */ = {
			isa = PBXResourcesBuildPhase;
			buildActionMask = 2147483647;
			files = (
				5064294D26C133CE00F4EADD /* LaunchScreen.storyboard in Resources */,
				5064294A26C133CE00F4EADD /* Assets.xcassets in Resources */,
				5064294826C133CD00F4EADD /* Main.storyboard in Resources */,
			);
			runOnlyForDeploymentPostprocessing = 0;
		};
/* End PBXResourcesBuildPhase section */

/* Begin PBXShellScriptBuildPhase section */
		4D10C36C4FF9AEC27244AC8D /* [CP] Check Pods Manifest.lock */ = {
			isa = PBXShellScriptBuildPhase;
			buildActionMask = 2147483647;
			files = (
			);
			inputFileListPaths = (
			);
			inputPaths = (
				"${PODS_PODFILE_DIR_PATH}/Podfile.lock",
				"${PODS_ROOT}/Manifest.lock",
			);
			name = "[CP] Check Pods Manifest.lock";
			outputFileListPaths = (
			);
			outputPaths = (
				"$(DERIVED_FILE_DIR)/Pods-Hotel List-checkManifestLockResult.txt",
			);
			runOnlyForDeploymentPostprocessing = 0;
			shellPath = /bin/sh;
			shellScript = "diff \"${PODS_PODFILE_DIR_PATH}/Podfile.lock\" \"${PODS_ROOT}/Manifest.lock\" > /dev/null\nif [ $? != 0 ] ; then\n    # print error to STDERR\n    echo \"error: The sandbox is not in sync with the Podfile.lock. Run 'pod install' or update your CocoaPods installation.\" >&2\n    exit 1\nfi\n# This output is used by Xcode 'outputs' to avoid re-running this script phase.\necho \"SUCCESS\" > \"${SCRIPT_OUTPUT_FILE_0}\"\n";
			showEnvVarsInLog = 0;
		};
		A152F1760E6610585C2ADBC4 /* [CP] Embed Pods Frameworks */ = {
			isa = PBXShellScriptBuildPhase;
			buildActionMask = 2147483647;
			files = (
			);
			inputFileListPaths = (
				"${PODS_ROOT}/Target Support Files/Pods-Hotel List/Pods-Hotel List-frameworks-${CONFIGURATION}-input-files.xcfilelist",
			);
			name = "[CP] Embed Pods Frameworks";
			outputFileListPaths = (
				"${PODS_ROOT}/Target Support Files/Pods-Hotel List/Pods-Hotel List-frameworks-${CONFIGURATION}-output-files.xcfilelist",
			);
			runOnlyForDeploymentPostprocessing = 0;
			shellPath = /bin/sh;
			shellScript = "\"${PODS_ROOT}/Target Support Files/Pods-Hotel List/Pods-Hotel List-frameworks.sh\"\n";
			showEnvVarsInLog = 0;
		};
/* End PBXShellScriptBuildPhase section */

/* Begin PBXSourcesBuildPhase section */
		5064293926C133CD00F4EADD /* Sources */ = {
			isa = PBXSourcesBuildPhase;
			buildActionMask = 2147483647;
			files = (
				5064296026C18D3300F4EADD /* ImageSet.swift in Sources */,
				5064295E26C187C500F4EADD /* Hotel.swift in Sources */,
				50F2976F26C979CC00A923EB /* DetailsVC.swift in Sources */,
				5064294526C133CD00F4EADD /* MainVC.swift in Sources */,
				5074E34427419BC600F6CF19 /* BaseResponse.swift in Sources */,
				5064294126C133CD00F4EADD /* AppDelegate.swift in Sources */,
				50F2976C26C905EE00A923EB /* Extentions.swift in Sources */,
				5064294326C133CD00F4EADD /* SceneDelegate.swift in Sources */,
				5064295C26C186FA00F4EADD /* MainVM.swift in Sources */,
				5064296426C1BC3700F4EADD /* MainTVC.swift in Sources */,
			);
			runOnlyForDeploymentPostprocessing = 0;
		};
/* End PBXSourcesBuildPhase section */

/* Begin PBXVariantGroup section */
		5064294626C133CD00F4EADD /* Main.storyboard */ = {
			isa = PBXVariantGroup;
			children = (
				5064294726C133CD00F4EADD /* Base */,
			);
			name = Main.storyboard;
			sourceTree = "<group>";
		};
		5064294B26C133CE00F4EADD /* LaunchScreen.storyboard */ = {
			isa = PBXVariantGroup;
			children = (
				5064294C26C133CE00F4EADD /* Base */,
			);
			name = LaunchScreen.storyboard;
			sourceTree = "<group>";
		};
/* End PBXVariantGroup section */

/* Begin XCBuildConfiguration section */
		5064294F26C133CE00F4EADD /* Debug */ = {
			isa = XCBuildConfiguration;
			buildSettings = {
				ALWAYS_SEARCH_USER_PATHS = NO;
				CLANG_ANALYZER_NONNULL = YES;
				CLANG_ANALYZER_NUMBER_OBJECT_CONVERSION = YES_AGGRESSIVE;
				CLANG_CXX_LANGUAGE_STANDARD = "gnu++14";
				CLANG_CXX_LIBRARY = "libc++";
				CLANG_ENABLE_MODULES = YES;
				CLANG_ENABLE_OBJC_ARC = YES;
				CLANG_ENABLE_OBJC_WEAK = YES;
				CLANG_WARN_BLOCK_CAPTURE_AUTORELEASING = YES;
				CLANG_WARN_BOOL_CONVERSION = YES;
				CLANG_WARN_COMMA = YES;
				CLANG_WARN_CONSTANT_CONVERSION = YES;
				CLANG_WARN_DEPRECATED_OBJC_IMPLEMENTATIONS = YES;
				CLANG_WARN_DIRECT_OBJC_ISA_USAGE = YES_ERROR;
				CLANG_WARN_DOCUMENTATION_COMMENTS = YES;
				CLANG_WARN_EMPTY_BODY = YES;
				CLANG_WARN_ENUM_CONVERSION = YES;
				CLANG_WARN_INFINITE_RECURSION = YES;
				CLANG_WARN_INT_CONVERSION = YES;
				CLANG_WARN_NON_LITERAL_NULL_CONVERSION = YES;
				CLANG_WARN_OBJC_IMPLICIT_RETAIN_SELF = YES;
				CLANG_WARN_OBJC_LITERAL_CONVERSION = YES;
				CLANG_WARN_OBJC_ROOT_CLASS = YES_ERROR;
				CLANG_WARN_QUOTED_INCLUDE_IN_FRAMEWORK_HEADER = YES;
				CLANG_WARN_RANGE_LOOP_ANALYSIS = YES;
				CLANG_WARN_STRICT_PROTOTYPES = YES;
				CLANG_WARN_SUSPICIOUS_MOVE = YES;
				CLANG_WARN_UNGUARDED_AVAILABILITY = YES_AGGRESSIVE;
				CLANG_WARN_UNREACHABLE_CODE = YES;
				CLANG_WARN__DUPLICATE_METHOD_MATCH = YES;
				COPY_PHASE_STRIP = NO;
				DEBUG_INFORMATION_FORMAT = dwarf;
				ENABLE_STRICT_OBJC_MSGSEND = YES;
				ENABLE_TESTABILITY = YES;
				GCC_C_LANGUAGE_STANDARD = gnu11;
				GCC_DYNAMIC_NO_PIC = NO;
				GCC_NO_COMMON_BLOCKS = YES;
				GCC_OPTIMIZATION_LEVEL = 0;
				GCC_PREPROCESSOR_DEFINITIONS = (
					"DEBUG=1",
					"$(inherited)",
				);
				GCC_WARN_64_TO_32_BIT_CONVERSION = YES;
				GCC_WARN_ABOUT_RETURN_TYPE = YES_ERROR;
				GCC_WARN_UNDECLARED_SELECTOR = YES;
				GCC_WARN_UNINITIALIZED_AUTOS = YES_AGGRESSIVE;
				GCC_WARN_UNUSED_FUNCTION = YES;
				GCC_WARN_UNUSED_VARIABLE = YES;
				IPHONEOS_DEPLOYMENT_TARGET = 14.5;
				MTL_ENABLE_DEBUG_INFO = INCLUDE_SOURCE;
				MTL_FAST_MATH = YES;
				ONLY_ACTIVE_ARCH = YES;
				SDKROOT = iphoneos;
				SWIFT_ACTIVE_COMPILATION_CONDITIONS = DEBUG;
				SWIFT_OPTIMIZATION_LEVEL = "-Onone";
			};
			name = Debug;
		};
		5064295026C133CE00F4EADD /* Release */ = {
			isa = XCBuildConfiguration;
			buildSettings = {
				ALWAYS_SEARCH_USER_PATHS = NO;
				CLANG_ANALYZER_NONNULL = YES;
				CLANG_ANALYZER_NUMBER_OBJECT_CONVERSION = YES_AGGRESSIVE;
				CLANG_CXX_LANGUAGE_STANDARD = "gnu++14";
				CLANG_CXX_LIBRARY = "libc++";
				CLANG_ENABLE_MODULES = YES;
				CLANG_ENABLE_OBJC_ARC = YES;
				CLANG_ENABLE_OBJC_WEAK = YES;
				CLANG_WARN_BLOCK_CAPTURE_AUTORELEASING = YES;
				CLANG_WARN_BOOL_CONVERSION = YES;
				CLANG_WARN_COMMA = YES;
				CLANG_WARN_CONSTANT_CONVERSION = YES;
				CLANG_WARN_DEPRECATED_OBJC_IMPLEMENTATIONS = YES;
				CLANG_WARN_DIRECT_OBJC_ISA_USAGE = YES_ERROR;
				CLANG_WARN_DOCUMENTATION_COMMENTS = YES;
				CLANG_WARN_EMPTY_BODY = YES;
				CLANG_WARN_ENUM_CONVERSION = YES;
				CLANG_WARN_INFINITE_RECURSION = YES;
				CLANG_WARN_INT_CONVERSION = YES;
				CLANG_WARN_NON_LITERAL_NULL_CONVERSION = YES;
				CLANG_WARN_OBJC_IMPLICIT_RETAIN_SELF = YES;
				CLANG_WARN_OBJC_LITERAL_CONVERSION = YES;
				CLANG_WARN_OBJC_ROOT_CLASS = YES_ERROR;
				CLANG_WARN_QUOTED_INCLUDE_IN_FRAMEWORK_HEADER = YES;
				CLANG_WARN_RANGE_LOOP_ANALYSIS = YES;
				CLANG_WARN_STRICT_PROTOTYPES = YES;
				CLANG_WARN_SUSPICIOUS_MOVE = YES;
				CLANG_WARN_UNGUARDED_AVAILABILITY = YES_AGGRESSIVE;
				CLANG_WARN_UNREACHABLE_CODE = YES;
				CLANG_WARN__DUPLICATE_METHOD_MATCH = YES;
				COPY_PHASE_STRIP = NO;
				DEBUG_INFORMATION_FORMAT = "dwarf-with-dsym";
				ENABLE_NS_ASSERTIONS = NO;
				ENABLE_STRICT_OBJC_MSGSEND = YES;
				GCC_C_LANGUAGE_STANDARD = gnu11;
				GCC_NO_COMMON_BLOCKS = YES;
				GCC_WARN_64_TO_32_BIT_CONVERSION = YES;
				GCC_WARN_ABOUT_RETURN_TYPE = YES_ERROR;
				GCC_WARN_UNDECLARED_SELECTOR = YES;
				GCC_WARN_UNINITIALIZED_AUTOS = YES_AGGRESSIVE;
				GCC_WARN_UNUSED_FUNCTION = YES;
				GCC_WARN_UNUSED_VARIABLE = YES;
				IPHONEOS_DEPLOYMENT_TARGET = 14.5;
				MTL_ENABLE_DEBUG_INFO = NO;
				MTL_FAST_MATH = YES;
				SDKROOT = iphoneos;
				SWIFT_COMPILATION_MODE = wholemodule;
				SWIFT_OPTIMIZATION_LEVEL = "-O";
				VALIDATE_PRODUCT = YES;
			};
			name = Release;
		};
		5064295226C133CE00F4EADD /* Debug */ = {
			isa = XCBuildConfiguration;
			baseConfigurationReference = A30FBEF9076426A20C14757F /* Pods-Hotel List.debug.xcconfig */;
			buildSettings = {
				ASSETCATALOG_COMPILER_APPICON_NAME = AppIcon;
				ASSETCATALOG_COMPILER_GLOBAL_ACCENT_COLOR_NAME = AccentColor;
				CODE_SIGN_STYLE = Manual;
				DEVELOPMENT_TEAM = "";
				INFOPLIST_FILE = "Hotel List/SuportFiles/info.plist";
				LD_RUNPATH_SEARCH_PATHS = (
					"$(inherited)",
					"@executable_path/Frameworks",
				);
				PRODUCT_BUNDLE_IDENTIFIER = "com.dushan.Hotel-List";
				PRODUCT_NAME = "$(TARGET_NAME)";
				PROVISIONING_PROFILE_SPECIFIER = "";
				SWIFT_VERSION = 5.0;
				TARGETED_DEVICE_FAMILY = "1,2";
			};
			name = Debug;
		};
		5064295326C133CE00F4EADD /* Release */ = {
			isa = XCBuildConfiguration;
			baseConfigurationReference = 7DB291934A5D623271ECA4A9 /* Pods-Hotel List.release.xcconfig */;
			buildSettings = {
				ASSETCATALOG_COMPILER_APPICON_NAME = AppIcon;
				ASSETCATALOG_COMPILER_GLOBAL_ACCENT_COLOR_NAME = AccentColor;
				CODE_SIGN_STYLE = Manual;
				DEVELOPMENT_TEAM = "";
				INFOPLIST_FILE = "Hotel List/SuportFiles/info.plist";
				LD_RUNPATH_SEARCH_PATHS = (
					"$(inherited)",
					"@executable_path/Frameworks",
				);
				PRODUCT_BUNDLE_IDENTIFIER = "com.dushan.Hotel-List";
				PRODUCT_NAME = "$(TARGET_NAME)";
				PROVISIONING_PROFILE_SPECIFIER = "";
				SWIFT_VERSION = 5.0;
				TARGETED_DEVICE_FAMILY = "1,2";
			};
			name = Release;
		};
/* End XCBuildConfiguration section */

/* Begin XCConfigurationList section */
		5064293826C133CD00F4EADD /* Build configuration list for PBXProject "Hotel List" */ = {
			isa = XCConfigurationList;
			buildConfigurations = (
				5064294F26C133CE00F4EADD /* Debug */,
				5064295026C133CE00F4EADD /* Release */,
			);
			defaultConfigurationIsVisible = 0;
			defaultConfigurationName = Release;
		};
		5064295126C133CE00F4EADD /* Build configuration list for PBXNativeTarget "Hotel List" */ = {
			isa = XCConfigurationList;
			buildConfigurations = (
				5064295226C133CE00F4EADD /* Debug */,
				5064295326C133CE00F4EADD /* Release */,
			);
			defaultConfigurationIsVisible = 0;
			defaultConfigurationName = Release;
		};
/* End XCConfigurationList section */
	};
	rootObject = 5064293526C133CD00F4EADD /* Project object */;
}
